PODS:
  - AFNetworking (2.7.0):
    - AFNetworking/NSURLConnection (= 2.7.0)
    - AFNetworking/NSURLSession (= 2.7.0)
    - AFNetworking/Reachability (= 2.7.0)
    - AFNetworking/Security (= 2.7.0)
    - AFNetworking/Serialization (= 2.7.0)
    - AFNetworking/UIKit (= 2.7.0)
  - AFNetworking/NSURLConnection (2.7.0):
    - AFNetworking/Reachability
    - AFNetworking/Security
    - AFNetworking/Serialization
  - AFNetworking/NSURLSession (2.7.0):
    - AFNetworking/Reachability
    - AFNetworking/Security
    - AFNetworking/Serialization
  - AFNetworking/Reachability (2.7.0)
  - AFNetworking/Security (2.7.0)
  - AFNetworking/Serialization (2.7.0)
  - AFNetworking/UIKit (2.7.0):
    - AFNetworking/NSURLConnection
    - AFNetworking/NSURLSession
  - Model01 (0.1.0):
    - AFNetworking (~> 2.7.0)

DEPENDENCIES:
  - Model01 (from `Lib/Model01`)

SPEC REPOS:
  trunk:
    - AFNetworking

EXTERNAL SOURCES:
  Model01:
    :path: Lib/Model01

SPEC CHECKSUMS:
  AFNetworking: 8dd5f9b9691e09186393069a12cc3b5ed7c8b511
  Model01: 4749d792f249bf0d7cadf07a1b705b9d25cd679b

PODFILE CHECKSUM: 4e99180dedd943fbb5c7786b8e04ef784a28f848

COCOAPODS: 1.10.1
